
Microsoft Visual Studio Solution File, Format Version 12.00
# Visual Studio Version 16
VisualStudioVersion = 16.0.30804.86
MinimumVisualStudioVersion = 10.0.40219.1
Project("{FAE04EC0-301F-11D3-BF4B-00C04F79EFBC}") = "BugReporter.Database", "BugReporter.Database\BugReporter.Database.csproj", "{14CAB74D-D59A-442B-9904-532613DC6E44}"
EndProject
Global
	GlobalSection(SolutionConfigurationPlatforms) = preSolution
		Debug|Any CPU = Debug|Any CPU
		Release|Any CPU = Release|Any CPU
	EndGlobalSection
	GlobalSection(ProjectConfigurationPlatforms) = postSolution
		{14CAB74D-D59A-442B-9904-532613DC6E44}.Debug|Any CPU.ActiveCfg = Debug|Any CPU
		{14CAB74D-D59A-442B-9904-532613DC6E44}.Debug|Any CPU.Build.0 = Debug|Any CPU
		{14CAB74D-D59A-442B-9904-532613DC6E44}.Release|Any CPU.ActiveCfg = Release|Any CPU
		{14CAB74D-D59A-442B-9904-532613DC6E44}.Release|Any CPU.Build.0 = Release|Any CPU
	EndGlobalSection
	GlobalSection(SolutionProperties) = preSolution
		HideSolutionNode = FALSE
	EndGlobalSection
	GlobalSection(ExtensibilityGlobals) = postSolution
		SolutionGuid = {A6B6CEAD-5767-49DE-8E7D-AF77AD4ECA64}
	EndGlobalSection
EndGlobal
