
Microsoft Visual Studio Solution File, Format Version 12.00
# Visual Studio Version 16
VisualStudioVersion = 16.0.30804.86
MinimumVisualStudioVersion = 10.0.40219.1
Project("{9A19103F-16F7-4668-BE54-9A1E7A4F7556}") = "BugReporter.Database", "BugReporter.Database\BugReporter.Database.csproj", "{14CAB74D-D59A-442B-9904-532613DC6E44}"
EndProject
Project("{9A19103F-16F7-4668-BE54-9A1E7A4F7556}") = "BugReporter.BugApi", "BugReporter.BugApi\BugReporter.BugApi.csproj", "{200C0AF3-4889-42DB-9A7D-080778B5936F}"
EndProject
Project("{9A19103F-16F7-4668-BE54-9A1E7A4F7556}") = "BugReporter.FrontEnd", "BugReporter.FrontEnd\BugReporter.FrontEnd.csproj", "{B8D2BD25-14AD-442A-8F05-D34347352107}"
EndProject
Project("{E53339B2-1760-4266-BCC7-CA923CBCF16C}") = "docker-compose", "docker-compose.dcproj", "{CF1DB1C5-BE65-4B27-A024-EF5CA7B9728D}"
EndProject
Global
	GlobalSection(SolutionConfigurationPlatforms) = preSolution
		Debug|Any CPU = Debug|Any CPU
		Release|Any CPU = Release|Any CPU
	EndGlobalSection
	GlobalSection(ProjectConfigurationPlatforms) = postSolution
		{14CAB74D-D59A-442B-9904-532613DC6E44}.Debug|Any CPU.ActiveCfg = Debug|Any CPU
		{14CAB74D-D59A-442B-9904-532613DC6E44}.Debug|Any CPU.Build.0 = Debug|Any CPU
		{14CAB74D-D59A-442B-9904-532613DC6E44}.Release|Any CPU.ActiveCfg = Release|Any CPU
		{14CAB74D-D59A-442B-9904-532613DC6E44}.Release|Any CPU.Build.0 = Release|Any CPU
		{200C0AF3-4889-42DB-9A7D-080778B5936F}.Debug|Any CPU.ActiveCfg = Debug|Any CPU
		{200C0AF3-4889-42DB-9A7D-080778B5936F}.Debug|Any CPU.Build.0 = Debug|Any CPU
		{200C0AF3-4889-42DB-9A7D-080778B5936F}.Release|Any CPU.ActiveCfg = Release|Any CPU
		{200C0AF3-4889-42DB-9A7D-080778B5936F}.Release|Any CPU.Build.0 = Release|Any CPU
		{B8D2BD25-14AD-442A-8F05-D34347352107}.Debug|Any CPU.ActiveCfg = Debug|Any CPU
		{B8D2BD25-14AD-442A-8F05-D34347352107}.Debug|Any CPU.Build.0 = Debug|Any CPU
		{B8D2BD25-14AD-442A-8F05-D34347352107}.Release|Any CPU.ActiveCfg = Release|Any CPU
		{B8D2BD25-14AD-442A-8F05-D34347352107}.Release|Any CPU.Build.0 = Release|Any CPU
		{CF1DB1C5-BE65-4B27-A024-EF5CA7B9728D}.Debug|Any CPU.ActiveCfg = Debug|Any CPU
		{CF1DB1C5-BE65-4B27-A024-EF5CA7B9728D}.Debug|Any CPU.Build.0 = Debug|Any CPU
		{CF1DB1C5-BE65-4B27-A024-EF5CA7B9728D}.Release|Any CPU.ActiveCfg = Release|Any CPU
		{CF1DB1C5-BE65-4B27-A024-EF5CA7B9728D}.Release|Any CPU.Build.0 = Release|Any CPU
	EndGlobalSection
	GlobalSection(SolutionProperties) = preSolution
		HideSolutionNode = FALSE
	EndGlobalSection
	GlobalSection(ExtensibilityGlobals) = postSolution
		SolutionGuid = {A6B6CEAD-5767-49DE-8E7D-AF77AD4ECA64}
	EndGlobalSection
EndGlobal
