
Microsoft Visual Studio Solution File, Format Version 12.00
# Visual Studio Version 16
VisualStudioVersion = 16.0.30804.86
MinimumVisualStudioVersion = 10.0.40219.1
Project("{9A19103F-16F7-4668-BE54-9A1E7A4F7556}") = "BugReporter.Database", "BugReporter.Database\BugReporter.Database.csproj", "{14CAB74D-D59A-442B-9904-532613DC6E44}"
EndProject
Project("{9A19103F-16F7-4668-BE54-9A1E7A4F7556}") = "BugReporter.BugApi", "BugReporter.BugApi\BugReporter.BugApi.csproj", "{200C0AF3-4889-42DB-9A7D-080778B5936F}"
EndProject
Project("{FAE04EC0-301F-11D3-BF4B-00C04F79EFBC}") = "BugReporter.Frontend", "BugReporter.Frontend\BugReporter.Frontend.csproj", "{39F43431-0877-4C13-87B3-6F6BE2CD64F7}"
EndProject
Project("{E53339B2-1760-4266-BCC7-CA923CBCF16C}") = "docker-compose", "docker-compose.dcproj", "{6D9472C7-674E-4D40-99A4-9F8673110F59}"
EndProject
Global
	GlobalSection(SolutionConfigurationPlatforms) = preSolution
		Debug|Any CPU = Debug|Any CPU
		Release|Any CPU = Release|Any CPU
	EndGlobalSection
	GlobalSection(ProjectConfigurationPlatforms) = postSolution
		{14CAB74D-D59A-442B-9904-532613DC6E44}.Debug|Any CPU.ActiveCfg = Debug|Any CPU
		{14CAB74D-D59A-442B-9904-532613DC6E44}.Debug|Any CPU.Build.0 = Debug|Any CPU
		{14CAB74D-D59A-442B-9904-532613DC6E44}.Release|Any CPU.ActiveCfg = Release|Any CPU
		{14CAB74D-D59A-442B-9904-532613DC6E44}.Release|Any CPU.Build.0 = Release|Any CPU
		{200C0AF3-4889-42DB-9A7D-080778B5936F}.Debug|Any CPU.ActiveCfg = Debug|Any CPU
		{200C0AF3-4889-42DB-9A7D-080778B5936F}.Debug|Any CPU.Build.0 = Debug|Any CPU
		{200C0AF3-4889-42DB-9A7D-080778B5936F}.Release|Any CPU.ActiveCfg = Release|Any CPU
		{200C0AF3-4889-42DB-9A7D-080778B5936F}.Release|Any CPU.Build.0 = Release|Any CPU
		{39F43431-0877-4C13-87B3-6F6BE2CD64F7}.Debug|Any CPU.ActiveCfg = Debug|Any CPU
		{39F43431-0877-4C13-87B3-6F6BE2CD64F7}.Debug|Any CPU.Build.0 = Debug|Any CPU
		{39F43431-0877-4C13-87B3-6F6BE2CD64F7}.Release|Any CPU.ActiveCfg = Release|Any CPU
		{39F43431-0877-4C13-87B3-6F6BE2CD64F7}.Release|Any CPU.Build.0 = Release|Any CPU
		{6D9472C7-674E-4D40-99A4-9F8673110F59}.Debug|Any CPU.ActiveCfg = Debug|Any CPU
		{6D9472C7-674E-4D40-99A4-9F8673110F59}.Debug|Any CPU.Build.0 = Debug|Any CPU
		{6D9472C7-674E-4D40-99A4-9F8673110F59}.Release|Any CPU.ActiveCfg = Release|Any CPU
		{6D9472C7-674E-4D40-99A4-9F8673110F59}.Release|Any CPU.Build.0 = Release|Any CPU
	EndGlobalSection
	GlobalSection(SolutionProperties) = preSolution
		HideSolutionNode = FALSE
	EndGlobalSection
	GlobalSection(ExtensibilityGlobals) = postSolution
		SolutionGuid = {A6B6CEAD-5767-49DE-8E7D-AF77AD4ECA64}
	EndGlobalSection
EndGlobal
